
Microsoft Visual Studio Solution File, Format Version 12.00
# Visual Studio Version 16
VisualStudioVersion = 16.0.29911.84
MinimumVisualStudioVersion = 10.0.40219.1
Project("{FAE04EC0-301F-11D3-BF4B-00C04F79EFBC}") = "TextEditer31114", "TextEditer31114\TextEditer31114.csproj", "{B87C1C50-8F84-47E2-B179-C6D2C4752341}"
EndProject
Global
	GlobalSection(SolutionConfigurationPlatforms) = preSolution
		Debug|Any CPU = Debug|Any CPU
		Release|Any CPU = Release|Any CPU
	EndGlobalSection
	GlobalSection(ProjectConfigurationPlatforms) = postSolution
		{B87C1C50-8F84-47E2-B179-C6D2C4752341}.Debug|Any CPU.ActiveCfg = Debug|Any CPU
		{B87C1C50-8F84-47E2-B179-C6D2C4752341}.Debug|Any CPU.Build.0 = Debug|Any CPU
		{B87C1C50-8F84-47E2-B179-C6D2C4752341}.Release|Any CPU.ActiveCfg = Release|Any CPU
		{B87C1C50-8F84-47E2-B179-C6D2C4752341}.Release|Any CPU.Build.0 = Release|Any CPU
	EndGlobalSection
	GlobalSection(SolutionProperties) = preSolution
		HideSolutionNode = FALSE
	EndGlobalSection
	GlobalSection(ExtensibilityGlobals) = postSolution
		SolutionGuid = {37D1EEB3-223F-4D3A-89BD-B2E63C82D7C8}
	EndGlobalSection
EndGlobal
